// !$*UTF8*$!
{
	archiveVersion = 1;
	classes = {
	};
	objectVersion = 51;
	objects = {

/* Begin PBXBuildFile section */
		760837FC85494A1B62A8329D /* Pods_Notes.framework in Frameworks */ = {isa = PBXBuildFile; fileRef = 914001127D5C470E19EBCF33 /* Pods_Notes.framework */; };
		778ABD8024E9A3DE00614D3B /* AppDelegate.swift in Sources */ = {isa = PBXBuildFile; fileRef = 778ABD7F24E9A3DE00614D3B /* AppDelegate.swift */; };
		778ABD8224E9A3DE00614D3B /* SceneDelegate.swift in Sources */ = {isa = PBXBuildFile; fileRef = 778ABD8124E9A3DE00614D3B /* SceneDelegate.swift */; };
		778ABD8424E9A3DE00614D3B /* TasksViewController.swift in Sources */ = {isa = PBXBuildFile; fileRef = 778ABD8324E9A3DE00614D3B /* TasksViewController.swift */; };
		778ABD8924E9A3DF00614D3B /* Assets.xcassets in Resources */ = {isa = PBXBuildFile; fileRef = 778ABD8824E9A3DF00614D3B /* Assets.xcassets */; };
		778ABD8C24E9A3DF00614D3B /* LaunchScreen.storyboard in Resources */ = {isa = PBXBuildFile; fileRef = 778ABD8A24E9A3DF00614D3B /* LaunchScreen.storyboard */; };
		778ABD9424E9A84800614D3B /* AddTaskViewController.swift in Sources */ = {isa = PBXBuildFile; fileRef = 778ABD9324E9A84800614D3B /* AddTaskViewController.swift */; };
		778ABD9624E9AA8200614D3B /* Task.swift in Sources */ = {isa = PBXBuildFile; fileRef = 778ABD9524E9AA8200614D3B /* Task.swift */; };
		778ABDDD24F1958900614D3B /* TaskListViewModel.swift in Sources */ = {isa = PBXBuildFile; fileRef = 778ABDDC24F1958900614D3B /* TaskListViewModel.swift */; };
		778ABDE524F24F1D00614D3B /* StorageData.swift in Sources */ = {isa = PBXBuildFile; fileRef = 778ABDE424F24F1D00614D3B /* StorageData.swift */; };
		778ABDE724F2543B00614D3B /* ViewModelBindableType.swift in Sources */ = {isa = PBXBuildFile; fileRef = 778ABDE624F2543B00614D3B /* ViewModelBindableType.swift */; };
		778ABDE924F25BD800614D3B /* AddTaskViewModel.swift in Sources */ = {isa = PBXBuildFile; fileRef = 778ABDE824F25BD800614D3B /* AddTaskViewModel.swift */; };
		778ABDEC24F25E8F00614D3B /* TransitionStyleModel.swift in Sources */ = {isa = PBXBuildFile; fileRef = 778ABDEB24F25E8F00614D3B /* TransitionStyleModel.swift */; };
		778ABDEE24F25EA600614D3B /* Scene.swift in Sources */ = {isa = PBXBuildFile; fileRef = 778ABDED24F25EA600614D3B /* Scene.swift */; };
		778ABDF024F2600200614D3B /* SceneCoordinator.swift in Sources */ = {isa = PBXBuildFile; fileRef = 778ABDEF24F2600100614D3B /* SceneCoordinator.swift */; };
/* End PBXBuildFile section */

/* Begin PBXFileReference section */
		778ABD7C24E9A3DE00614D3B /* Notes.app */ = {isa = PBXFileReference; explicitFileType = wrapper.application; includeInIndex = 0; path = Notes.app; sourceTree = BUILT_PRODUCTS_DIR; };
		778ABD7F24E9A3DE00614D3B /* AppDelegate.swift */ = {isa = PBXFileReference; lastKnownFileType = sourcecode.swift; path = AppDelegate.swift; sourceTree = "<group>"; };
		778ABD8124E9A3DE00614D3B /* SceneDelegate.swift */ = {isa = PBXFileReference; lastKnownFileType = sourcecode.swift; path = SceneDelegate.swift; sourceTree = "<group>"; };
		778ABD8324E9A3DE00614D3B /* TasksViewController.swift */ = {isa = PBXFileReference; lastKnownFileType = sourcecode.swift; path = TasksViewController.swift; sourceTree = "<group>"; };
		778ABD8824E9A3DF00614D3B /* Assets.xcassets */ = {isa = PBXFileReference; lastKnownFileType = folder.assetcatalog; path = Assets.xcassets; sourceTree = "<group>"; };
		778ABD8B24E9A3DF00614D3B /* Base */ = {isa = PBXFileReference; lastKnownFileType = file.storyboard; name = Base; path = Base.lproj/LaunchScreen.storyboard; sourceTree = "<group>"; };
		778ABD8D24E9A3DF00614D3B /* Info.plist */ = {isa = PBXFileReference; lastKnownFileType = text.plist.xml; path = Info.plist; sourceTree = "<group>"; };
		778ABD9324E9A84800614D3B /* AddTaskViewController.swift */ = {isa = PBXFileReference; lastKnownFileType = sourcecode.swift; path = AddTaskViewController.swift; sourceTree = "<group>"; };
		778ABD9524E9AA8200614D3B /* Task.swift */ = {isa = PBXFileReference; lastKnownFileType = sourcecode.swift; path = Task.swift; sourceTree = "<group>"; };
		778ABDDC24F1958900614D3B /* TaskListViewModel.swift */ = {isa = PBXFileReference; lastKnownFileType = sourcecode.swift; path = TaskListViewModel.swift; sourceTree = "<group>"; };
		778ABDE424F24F1D00614D3B /* StorageData.swift */ = {isa = PBXFileReference; lastKnownFileType = sourcecode.swift; path = StorageData.swift; sourceTree = "<group>"; };
		778ABDE624F2543B00614D3B /* ViewModelBindableType.swift */ = {isa = PBXFileReference; lastKnownFileType = sourcecode.swift; path = ViewModelBindableType.swift; sourceTree = "<group>"; };
		778ABDE824F25BD800614D3B /* AddTaskViewModel.swift */ = {isa = PBXFileReference; lastKnownFileType = sourcecode.swift; path = AddTaskViewModel.swift; sourceTree = "<group>"; };
		778ABDEB24F25E8F00614D3B /* TransitionStyleModel.swift */ = {isa = PBXFileReference; lastKnownFileType = sourcecode.swift; path = TransitionStyleModel.swift; sourceTree = "<group>"; };
		778ABDED24F25EA600614D3B /* Scene.swift */ = {isa = PBXFileReference; lastKnownFileType = sourcecode.swift; path = Scene.swift; sourceTree = "<group>"; wrapsLines = 0; };
		778ABDEF24F2600100614D3B /* SceneCoordinator.swift */ = {isa = PBXFileReference; lastKnownFileType = sourcecode.swift; path = SceneCoordinator.swift; sourceTree = "<group>"; };
		7C6B8B596F756779E23B6BD4 /* Pods-Notes.debug.xcconfig */ = {isa = PBXFileReference; includeInIndex = 1; lastKnownFileType = text.xcconfig; name = "Pods-Notes.debug.xcconfig"; path = "Target Support Files/Pods-Notes/Pods-Notes.debug.xcconfig"; sourceTree = "<group>"; };
		914001127D5C470E19EBCF33 /* Pods_Notes.framework */ = {isa = PBXFileReference; explicitFileType = wrapper.framework; includeInIndex = 0; path = Pods_Notes.framework; sourceTree = BUILT_PRODUCTS_DIR; };
		F6DEC014EE23D7C3ABD4A5FD /* Pods-Notes.release.xcconfig */ = {isa = PBXFileReference; includeInIndex = 1; lastKnownFileType = text.xcconfig; name = "Pods-Notes.release.xcconfig"; path = "Target Support Files/Pods-Notes/Pods-Notes.release.xcconfig"; sourceTree = "<group>"; };
/* End PBXFileReference section */

/* Begin PBXFrameworksBuildPhase section */
		778ABD7924E9A3DE00614D3B /* Frameworks */ = {
			isa = PBXFrameworksBuildPhase;
			buildActionMask = 2147483647;
			files = (
				760837FC85494A1B62A8329D /* Pods_Notes.framework in Frameworks */,
			);
			runOnlyForDeploymentPostprocessing = 0;
		};
/* End PBXFrameworksBuildPhase section */

/* Begin PBXGroup section */
		66FD08E850AD1B7E1AB74723 /* Frameworks */ = {
			isa = PBXGroup;
			children = (
				914001127D5C470E19EBCF33 /* Pods_Notes.framework */,
			);
			name = Frameworks;
			sourceTree = "<group>";
		};
		6EAF28874FFBE1D6D502B37A /* Pods */ = {
			isa = PBXGroup;
			children = (
				7C6B8B596F756779E23B6BD4 /* Pods-Notes.debug.xcconfig */,
				F6DEC014EE23D7C3ABD4A5FD /* Pods-Notes.release.xcconfig */,
			);
			path = Pods;
			sourceTree = "<group>";
		};
		778ABD7324E9A3DE00614D3B = {
			isa = PBXGroup;
			children = (
				778ABD7E24E9A3DE00614D3B /* Notes */,
				778ABD7D24E9A3DE00614D3B /* Products */,
				6EAF28874FFBE1D6D502B37A /* Pods */,
				66FD08E850AD1B7E1AB74723 /* Frameworks */,
			);
			sourceTree = "<group>";
		};
		778ABD7D24E9A3DE00614D3B /* Products */ = {
			isa = PBXGroup;
			children = (
				778ABD7C24E9A3DE00614D3B /* Notes.app */,
			);
			name = Products;
			sourceTree = "<group>";
		};
		778ABD7E24E9A3DE00614D3B /* Notes */ = {
			isa = PBXGroup;
			children = (
				778ABDE624F2543B00614D3B /* ViewModelBindableType.swift */,
				778ABDEA24F25D5700614D3B /* Scene */,
				778ABDDE24F24E2F00614D3B /* Storage */,
				778ABDE024F24E4600614D3B /* Model */,
				778ABDDB24F1956A00614D3B /* TaskListModule */,
				778ABDE124F24E4F00614D3B /* AddTaskModule */,
				778ABDDF24F24E3600614D3B /* Supporting Files */,
				778ABDE324F24E7600614D3B /* Storyboards */,
				778ABDE224F24E6A00614D3B /* Resources */,
				778ABD8D24E9A3DF00614D3B /* Info.plist */,
			);
			path = Notes;
			sourceTree = "<group>";
		};
		778ABDDB24F1956A00614D3B /* TaskListModule */ = {
			isa = PBXGroup;
			children = (
				778ABD8324E9A3DE00614D3B /* TasksViewController.swift */,
				778ABDDC24F1958900614D3B /* TaskListViewModel.swift */,
			);
			path = TaskListModule;
			sourceTree = "<group>";
		};
		778ABDDE24F24E2F00614D3B /* Storage */ = {
			isa = PBXGroup;
			children = (
				778ABDE424F24F1D00614D3B /* StorageData.swift */,
			);
			path = Storage;
			sourceTree = "<group>";
		};
		778ABDDF24F24E3600614D3B /* Supporting Files */ = {
			isa = PBXGroup;
			children = (
				778ABD8124E9A3DE00614D3B /* SceneDelegate.swift */,
				778ABD7F24E9A3DE00614D3B /* AppDelegate.swift */,
			);
			path = "Supporting Files";
			sourceTree = "<group>";
		};
		778ABDE024F24E4600614D3B /* Model */ = {
			isa = PBXGroup;
			children = (
				778ABD9524E9AA8200614D3B /* Task.swift */,
			);
			path = Model;
			sourceTree = "<group>";
		};
		778ABDE124F24E4F00614D3B /* AddTaskModule */ = {
			isa = PBXGroup;
			children = (
				778ABD9324E9A84800614D3B /* AddTaskViewController.swift */,
				778ABDE824F25BD800614D3B /* AddTaskViewModel.swift */,
			);
			path = AddTaskModule;
			sourceTree = "<group>";
		};
		778ABDE224F24E6A00614D3B /* Resources */ = {
			isa = PBXGroup;
			children = (
				778ABD8824E9A3DF00614D3B /* Assets.xcassets */,
			);
			path = Resources;
			sourceTree = "<group>";
		};
		778ABDE324F24E7600614D3B /* Storyboards */ = {
			isa = PBXGroup;
			children = (
				778ABD8A24E9A3DF00614D3B /* LaunchScreen.storyboard */,
			);
			path = Storyboards;
			sourceTree = "<group>";
		};
		778ABDEA24F25D5700614D3B /* Scene */ = {
			isa = PBXGroup;
			children = (
				778ABDEB24F25E8F00614D3B /* TransitionStyleModel.swift */,
				778ABDED24F25EA600614D3B /* Scene.swift */,
				778ABDEF24F2600100614D3B /* SceneCoordinator.swift */,
			);
			path = Scene;
			sourceTree = "<group>";
		};
/* End PBXGroup section */

/* Begin PBXNativeTarget section */
		778ABD7B24E9A3DE00614D3B /* Notes */ = {
			isa = PBXNativeTarget;
			buildConfigurationList = 778ABD9024E9A3E000614D3B /* Build configuration list for PBXNativeTarget "Notes" */;
			buildPhases = (
				046C76A7AFB8691DC0520903 /* [CP] Check Pods Manifest.lock */,
				778ABD7824E9A3DE00614D3B /* Sources */,
				778ABD7924E9A3DE00614D3B /* Frameworks */,
				778ABD7A24E9A3DE00614D3B /* Resources */,
				38AB8D2C372C2351D6680603 /* [CP] Embed Pods Frameworks */,
			);
			buildRules = (
			);
			dependencies = (
			);
			name = Notes;
			productName = Notes;
			productReference = 778ABD7C24E9A3DE00614D3B /* Notes.app */;
			productType = "com.apple.product-type.application";
		};
/* End PBXNativeTarget section */

/* Begin PBXProject section */
		778ABD7424E9A3DE00614D3B /* Project object */ = {
			isa = PBXProject;
			attributes = {
				LastSwiftUpdateCheck = 1160;
				LastUpgradeCheck = 1160;
				ORGANIZATIONNAME = "Ольга";
				TargetAttributes = {
					778ABD7B24E9A3DE00614D3B = {
						CreatedOnToolsVersion = 11.6;
					};
				};
			};
			buildConfigurationList = 778ABD7724E9A3DE00614D3B /* Build configuration list for PBXProject "Notes" */;
			compatibilityVersion = "Xcode 9.3";
			developmentRegion = en;
			hasScannedForEncodings = 0;
			knownRegions = (
				en,
				Base,
			);
			mainGroup = 778ABD7324E9A3DE00614D3B;
			productRefGroup = 778ABD7D24E9A3DE00614D3B /* Products */;
			projectDirPath = "";
			projectRoot = "";
			targets = (
				778ABD7B24E9A3DE00614D3B /* Notes */,
			);
		};
/* End PBXProject section */

/* Begin PBXResourcesBuildPhase section */
		778ABD7A24E9A3DE00614D3B /* Resources */ = {
			isa = PBXResourcesBuildPhase;
			buildActionMask = 2147483647;
			files = (
				778ABD8C24E9A3DF00614D3B /* LaunchScreen.storyboard in Resources */,
				778ABD8924E9A3DF00614D3B /* Assets.xcassets in Resources */,
			);
			runOnlyForDeploymentPostprocessing = 0;
		};
/* End PBXResourcesBuildPhase section */

/* Begin PBXShellScriptBuildPhase section */
		046C76A7AFB8691DC0520903 /* [CP] Check Pods Manifest.lock */ = {
			isa = PBXShellScriptBuildPhase;
			buildActionMask = 2147483647;
			files = (
			);
			inputFileListPaths = (
			);
			inputPaths = (
				"${PODS_PODFILE_DIR_PATH}/Podfile.lock",
				"${PODS_ROOT}/Manifest.lock",
			);
			name = "[CP] Check Pods Manifest.lock";
			outputFileListPaths = (
			);
			outputPaths = (
				"$(DERIVED_FILE_DIR)/Pods-Notes-checkManifestLockResult.txt",
			);
			runOnlyForDeploymentPostprocessing = 0;
			shellPath = /bin/sh;
			shellScript = "diff \"${PODS_PODFILE_DIR_PATH}/Podfile.lock\" \"${PODS_ROOT}/Manifest.lock\" > /dev/null\nif [ $? != 0 ] ; then\n    # print error to STDERR\n    echo \"error: The sandbox is not in sync with the Podfile.lock. Run 'pod install' or update your CocoaPods installation.\" >&2\n    exit 1\nfi\n# This output is used by Xcode 'outputs' to avoid re-running this script phase.\necho \"SUCCESS\" > \"${SCRIPT_OUTPUT_FILE_0}\"\n";
			showEnvVarsInLog = 0;
		};
		38AB8D2C372C2351D6680603 /* [CP] Embed Pods Frameworks */ = {
			isa = PBXShellScriptBuildPhase;
			buildActionMask = 2147483647;
			files = (
			);
			inputFileListPaths = (
				"${PODS_ROOT}/Target Support Files/Pods-Notes/Pods-Notes-frameworks-${CONFIGURATION}-input-files.xcfilelist",
			);
			name = "[CP] Embed Pods Frameworks";
			outputFileListPaths = (
				"${PODS_ROOT}/Target Support Files/Pods-Notes/Pods-Notes-frameworks-${CONFIGURATION}-output-files.xcfilelist",
			);
			runOnlyForDeploymentPostprocessing = 0;
			shellPath = /bin/sh;
			shellScript = "\"${PODS_ROOT}/Target Support Files/Pods-Notes/Pods-Notes-frameworks.sh\"\n";
			showEnvVarsInLog = 0;
		};
/* End PBXShellScriptBuildPhase section */

/* Begin PBXSourcesBuildPhase section */
		778ABD7824E9A3DE00614D3B /* Sources */ = {
			isa = PBXSourcesBuildPhase;
			buildActionMask = 2147483647;
			files = (
				778ABDEC24F25E8F00614D3B /* TransitionStyleModel.swift in Sources */,
				778ABD8424E9A3DE00614D3B /* TasksViewController.swift in Sources */,
				778ABDE924F25BD800614D3B /* AddTaskViewModel.swift in Sources */,
				778ABD9424E9A84800614D3B /* AddTaskViewController.swift in Sources */,
				778ABD9624E9AA8200614D3B /* Task.swift in Sources */,
				778ABDF024F2600200614D3B /* SceneCoordinator.swift in Sources */,
				778ABDE524F24F1D00614D3B /* StorageData.swift in Sources */,
				778ABD8024E9A3DE00614D3B /* AppDelegate.swift in Sources */,
				778ABDE724F2543B00614D3B /* ViewModelBindableType.swift in Sources */,
				778ABD8224E9A3DE00614D3B /* SceneDelegate.swift in Sources */,
				778ABDDD24F1958900614D3B /* TaskListViewModel.swift in Sources */,
				778ABDEE24F25EA600614D3B /* Scene.swift in Sources */,
			);
			runOnlyForDeploymentPostprocessing = 0;
		};
/* End PBXSourcesBuildPhase section */

/* Begin PBXVariantGroup section */
		778ABD8A24E9A3DF00614D3B /* LaunchScreen.storyboard */ = {
			isa = PBXVariantGroup;
			children = (
				778ABD8B24E9A3DF00614D3B /* Base */,
			);
			name = LaunchScreen.storyboard;
			sourceTree = "<group>";
		};
/* End PBXVariantGroup section */

/* Begin XCBuildConfiguration section */
		778ABD8E24E9A3DF00614D3B /* Debug */ = {
			isa = XCBuildConfiguration;
			buildSettings = {
				ALWAYS_SEARCH_USER_PATHS = NO;
				CLANG_ANALYZER_NONNULL = YES;
				CLANG_ANALYZER_NUMBER_OBJECT_CONVERSION = YES_AGGRESSIVE;
				CLANG_CXX_LANGUAGE_STANDARD = "gnu++14";
				CLANG_CXX_LIBRARY = "libc++";
				CLANG_ENABLE_MODULES = YES;
				CLANG_ENABLE_OBJC_ARC = YES;
				CLANG_ENABLE_OBJC_WEAK = YES;
				CLANG_WARN_BLOCK_CAPTURE_AUTORELEASING = YES;
				CLANG_WARN_BOOL_CONVERSION = YES;
				CLANG_WARN_COMMA = YES;
				CLANG_WARN_CONSTANT_CONVERSION = YES;
				CLANG_WARN_DEPRECATED_OBJC_IMPLEMENTATIONS = YES;
				CLANG_WARN_DIRECT_OBJC_ISA_USAGE = YES_ERROR;
				CLANG_WARN_DOCUMENTATION_COMMENTS = YES;
				CLANG_WARN_EMPTY_BODY = YES;
				CLANG_WARN_ENUM_CONVERSION = YES;
				CLANG_WARN_INFINITE_RECURSION = YES;
				CLANG_WARN_INT_CONVERSION = YES;
				CLANG_WARN_NON_LITERAL_NULL_CONVERSION = YES;
				CLANG_WARN_OBJC_IMPLICIT_RETAIN_SELF = YES;
				CLANG_WARN_OBJC_LITERAL_CONVERSION = YES;
				CLANG_WARN_OBJC_ROOT_CLASS = YES_ERROR;
				CLANG_WARN_RANGE_LOOP_ANALYSIS = YES;
				CLANG_WARN_STRICT_PROTOTYPES = YES;
				CLANG_WARN_SUSPICIOUS_MOVE = YES;
				CLANG_WARN_UNGUARDED_AVAILABILITY = YES_AGGRESSIVE;
				CLANG_WARN_UNREACHABLE_CODE = YES;
				CLANG_WARN__DUPLICATE_METHOD_MATCH = YES;
				COPY_PHASE_STRIP = NO;
				DEBUG_INFORMATION_FORMAT = dwarf;
				ENABLE_STRICT_OBJC_MSGSEND = YES;
				ENABLE_TESTABILITY = YES;
				GCC_C_LANGUAGE_STANDARD = gnu11;
				GCC_DYNAMIC_NO_PIC = NO;
				GCC_NO_COMMON_BLOCKS = YES;
				GCC_OPTIMIZATION_LEVEL = 0;
				GCC_PREPROCESSOR_DEFINITIONS = (
					"DEBUG=1",
					"$(inherited)",
				);
				GCC_WARN_64_TO_32_BIT_CONVERSION = YES;
				GCC_WARN_ABOUT_RETURN_TYPE = YES_ERROR;
				GCC_WARN_UNDECLARED_SELECTOR = YES;
				GCC_WARN_UNINITIALIZED_AUTOS = YES_AGGRESSIVE;
				GCC_WARN_UNUSED_FUNCTION = YES;
				GCC_WARN_UNUSED_VARIABLE = YES;
				IPHONEOS_DEPLOYMENT_TARGET = 13.6;
				MTL_ENABLE_DEBUG_INFO = INCLUDE_SOURCE;
				MTL_FAST_MATH = YES;
				ONLY_ACTIVE_ARCH = YES;
				SDKROOT = iphoneos;
				SWIFT_ACTIVE_COMPILATION_CONDITIONS = DEBUG;
				SWIFT_OPTIMIZATION_LEVEL = "-Onone";
			};
			name = Debug;
		};
		778ABD8F24E9A3DF00614D3B /* Release */ = {
			isa = XCBuildConfiguration;
			buildSettings = {
				ALWAYS_SEARCH_USER_PATHS = NO;
				CLANG_ANALYZER_NONNULL = YES;
				CLANG_ANALYZER_NUMBER_OBJECT_CONVERSION = YES_AGGRESSIVE;
				CLANG_CXX_LANGUAGE_STANDARD = "gnu++14";
				CLANG_CXX_LIBRARY = "libc++";
				CLANG_ENABLE_MODULES = YES;
				CLANG_ENABLE_OBJC_ARC = YES;
				CLANG_ENABLE_OBJC_WEAK = YES;
				CLANG_WARN_BLOCK_CAPTURE_AUTORELEASING = YES;
				CLANG_WARN_BOOL_CONVERSION = YES;
				CLANG_WARN_COMMA = YES;
				CLANG_WARN_CONSTANT_CONVERSION = YES;
				CLANG_WARN_DEPRECATED_OBJC_IMPLEMENTATIONS = YES;
				CLANG_WARN_DIRECT_OBJC_ISA_USAGE = YES_ERROR;
				CLANG_WARN_DOCUMENTATION_COMMENTS = YES;
				CLANG_WARN_EMPTY_BODY = YES;
				CLANG_WARN_ENUM_CONVERSION = YES;
				CLANG_WARN_INFINITE_RECURSION = YES;
				CLANG_WARN_INT_CONVERSION = YES;
				CLANG_WARN_NON_LITERAL_NULL_CONVERSION = YES;
				CLANG_WARN_OBJC_IMPLICIT_RETAIN_SELF = YES;
				CLANG_WARN_OBJC_LITERAL_CONVERSION = YES;
				CLANG_WARN_OBJC_ROOT_CLASS = YES_ERROR;
				CLANG_WARN_RANGE_LOOP_ANALYSIS = YES;
				CLANG_WARN_STRICT_PROTOTYPES = YES;
				CLANG_WARN_SUSPICIOUS_MOVE = YES;
				CLANG_WARN_UNGUARDED_AVAILABILITY = YES_AGGRESSIVE;
				CLANG_WARN_UNREACHABLE_CODE = YES;
				CLANG_WARN__DUPLICATE_METHOD_MATCH = YES;
				COPY_PHASE_STRIP = NO;
				DEBUG_INFORMATION_FORMAT = "dwarf-with-dsym";
				ENABLE_NS_ASSERTIONS = NO;
				ENABLE_STRICT_OBJC_MSGSEND = YES;
				GCC_C_LANGUAGE_STANDARD = gnu11;
				GCC_NO_COMMON_BLOCKS = YES;
				GCC_WARN_64_TO_32_BIT_CONVERSION = YES;
				GCC_WARN_ABOUT_RETURN_TYPE = YES_ERROR;
				GCC_WARN_UNDECLARED_SELECTOR = YES;
				GCC_WARN_UNINITIALIZED_AUTOS = YES_AGGRESSIVE;
				GCC_WARN_UNUSED_FUNCTION = YES;
				GCC_WARN_UNUSED_VARIABLE = YES;
				IPHONEOS_DEPLOYMENT_TARGET = 13.6;
				MTL_ENABLE_DEBUG_INFO = NO;
				MTL_FAST_MATH = YES;
				SDKROOT = iphoneos;
				SWIFT_COMPILATION_MODE = wholemodule;
				SWIFT_OPTIMIZATION_LEVEL = "-O";
				VALIDATE_PRODUCT = YES;
			};
			name = Release;
		};
		778ABD9124E9A3E000614D3B /* Debug */ = {
			isa = XCBuildConfiguration;
			baseConfigurationReference = 7C6B8B596F756779E23B6BD4 /* Pods-Notes.debug.xcconfig */;
			buildSettings = {
				ASSETCATALOG_COMPILER_APPICON_NAME = AppIcon;
				CODE_SIGN_STYLE = Automatic;
				INFOPLIST_FILE = Notes/Info.plist;
				LD_RUNPATH_SEARCH_PATHS = (
					"$(inherited)",
					"@executable_path/Frameworks",
				);
				PRODUCT_BUNDLE_IDENTIFIER = Olga.Notes;
				PRODUCT_NAME = "$(TARGET_NAME)";
				SWIFT_VERSION = 5.0;
				TARGETED_DEVICE_FAMILY = 1;
			};
			name = Debug;
		};
		778ABD9224E9A3E000614D3B /* Release */ = {
			isa = XCBuildConfiguration;
			baseConfigurationReference = F6DEC014EE23D7C3ABD4A5FD /* Pods-Notes.release.xcconfig */;
			buildSettings = {
				ASSETCATALOG_COMPILER_APPICON_NAME = AppIcon;
				CODE_SIGN_STYLE = Automatic;
				INFOPLIST_FILE = Notes/Info.plist;
				LD_RUNPATH_SEARCH_PATHS = (
					"$(inherited)",
					"@executable_path/Frameworks",
				);
				PRODUCT_BUNDLE_IDENTIFIER = Olga.Notes;
				PRODUCT_NAME = "$(TARGET_NAME)";
				SWIFT_VERSION = 5.0;
				TARGETED_DEVICE_FAMILY = 1;
			};
			name = Release;
		};
/* End XCBuildConfiguration section */

/* Begin XCConfigurationList section */
		778ABD7724E9A3DE00614D3B /* Build configuration list for PBXProject "Notes" */ = {
			isa = XCConfigurationList;
			buildConfigurations = (
				778ABD8E24E9A3DF00614D3B /* Debug */,
				778ABD8F24E9A3DF00614D3B /* Release */,
			);
			defaultConfigurationIsVisible = 0;
			defaultConfigurationName = Release;
		};
		778ABD9024E9A3E000614D3B /* Build configuration list for PBXNativeTarget "Notes" */ = {
			isa = XCConfigurationList;
			buildConfigurations = (
				778ABD9124E9A3E000614D3B /* Debug */,
				778ABD9224E9A3E000614D3B /* Release */,
			);
			defaultConfigurationIsVisible = 0;
			defaultConfigurationName = Release;
		};
/* End XCConfigurationList section */
	};
	rootObject = 778ABD7424E9A3DE00614D3B /* Project object */;
}
